
Microsoft Visual Studio Solution File, Format Version 12.00
# Visual Studio Version 17
VisualStudioVersion = 17.6.33801.468
MinimumVisualStudioVersion = 10.0.40219.1
Project("{FAE04EC0-301F-11D3-BF4B-00C04F79EFBC}") = "Build-A-Bot", "Build-A-Bot.csproj", "{28571305-C754-428C-84B2-5E0AF3D8C250}"
EndProject
Global
	GlobalSection(SolutionConfigurationPlatforms) = preSolution
		Debug|Any CPU = Debug|Any CPU
		Release|Any CPU = Release|Any CPU
	EndGlobalSection
	GlobalSection(ProjectConfigurationPlatforms) = postSolution
		{28571305-C754-428C-84B2-5E0AF3D8C250}.Debug|Any CPU.ActiveCfg = Debug|Any CPU
		{28571305-C754-428C-84B2-5E0AF3D8C250}.Debug|Any CPU.Build.0 = Debug|Any CPU
		{28571305-C754-428C-84B2-5E0AF3D8C250}.Release|Any CPU.ActiveCfg = Release|Any CPU
		{28571305-C754-428C-84B2-5E0AF3D8C250}.Release|Any CPU.Build.0 = Release|Any CPU
	EndGlobalSection
	GlobalSection(SolutionProperties) = preSolution
		HideSolutionNode = FALSE
	EndGlobalSection
	GlobalSection(ExtensibilityGlobals) = postSolution
		SolutionGuid = {EB4ADB79-CFD4-4F73-BF6C-D50D4DC7D948}
	EndGlobalSection
EndGlobal
